
Microsoft Visual Studio Solution File, Format Version 12.00
# Visual Studio 15
VisualStudioVersion = 15.0.27428.2005
MinimumVisualStudioVersion = 10.0.40219.1
Project("{FAE04EC0-301F-11D3-BF4B-00C04F79EFBC}") = "WindowsFormsApp3", "WindowsFormsApp3\WindowsFormsApp3.csproj", "{C1399E14-01C3-4EC3-9FB7-5577BC14F5B3}"
EndProject
Global
	GlobalSection(SolutionConfigurationPlatforms) = preSolution
		Debug|Any CPU = Debug|Any CPU
		Release|Any CPU = Release|Any CPU
	EndGlobalSection
	GlobalSection(ProjectConfigurationPlatforms) = postSolution
		{C1399E14-01C3-4EC3-9FB7-5577BC14F5B3}.Debug|Any CPU.ActiveCfg = Debug|Any CPU
		{C1399E14-01C3-4EC3-9FB7-5577BC14F5B3}.Debug|Any CPU.Build.0 = Debug|Any CPU
		{C1399E14-01C3-4EC3-9FB7-5577BC14F5B3}.Release|Any CPU.ActiveCfg = Release|Any CPU
		{C1399E14-01C3-4EC3-9FB7-5577BC14F5B3}.Release|Any CPU.Build.0 = Release|Any CPU
	EndGlobalSection
	GlobalSection(SolutionProperties) = preSolution
		HideSolutionNode = FALSE
	EndGlobalSection
	GlobalSection(ExtensibilityGlobals) = postSolution
		SolutionGuid = {FDF143F0-FE1D-40E9-9A9D-1BFF404FBFE6}
	EndGlobalSection
EndGlobal
